[[package]]
name = "bcrypt"
version = "4.3.0"
description = "Modern password hashing for your software and your servers"
category = "main"
optional = false
python-versions = ">=3.8"

[package.extras]
tests = ["pytest (>=3.2.1,!=3.3.0)"]
typecheck = ["mypy"]

[metadata]
lock-version = "1.1"
python-versions = "^3.09"
content-hash = "6b9cab090f56879e5918cccb7bdbfd1e04cd7f3ca5f2988e1b5d6211d7ce381f"

[metadata.files]
bcrypt = []
